
Microsoft Visual Studio Solution File, Format Version 12.00
# Visual Studio Version 16
VisualStudioVersion = 16.0.809.10
MinimumVisualStudioVersion = 10.0.40219.1
Project("{FAE04EC0-301F-11D3-BF4B-00C04F79EFBC}") = "DIS_Assignment_2_Fall_2021", "DIS_Assignment_2_Fall_2021\DIS_Assignment_2_Fall_2021.csproj", "{5DBB5600-ABF3-4996-AC1C-2E135A50E513}"
EndProject
Global
	GlobalSection(SolutionConfigurationPlatforms) = preSolution
		Debug|Any CPU = Debug|Any CPU
		Release|Any CPU = Release|Any CPU
	EndGlobalSection
	GlobalSection(ProjectConfigurationPlatforms) = postSolution
		{5DBB5600-ABF3-4996-AC1C-2E135A50E513}.Debug|Any CPU.ActiveCfg = Debug|Any CPU
		{5DBB5600-ABF3-4996-AC1C-2E135A50E513}.Debug|Any CPU.Build.0 = Debug|Any CPU
		{5DBB5600-ABF3-4996-AC1C-2E135A50E513}.Release|Any CPU.ActiveCfg = Release|Any CPU
		{5DBB5600-ABF3-4996-AC1C-2E135A50E513}.Release|Any CPU.Build.0 = Release|Any CPU
	EndGlobalSection
	GlobalSection(SolutionProperties) = preSolution
		HideSolutionNode = FALSE
	EndGlobalSection
	GlobalSection(ExtensibilityGlobals) = postSolution
		SolutionGuid = {3F2874FE-7B89-4819-A996-FDB405096CA3}
	EndGlobalSection
EndGlobal
